
Microsoft Visual Studio Solution File, Format Version 12.00
# Visual Studio Version 16
VisualStudioVersion = 16.0.32002.261
MinimumVisualStudioVersion = 10.0.40219.1
Project("{FAE04EC0-301F-11D3-BF4B-00C04F79EFBC}") = "AppDesk", "AppDesk\AppDesk.csproj", "{22B80DF5-DD43-48F2-89E9-71FD82F3B58B}"
EndProject
Global
	GlobalSection(SolutionConfigurationPlatforms) = preSolution
		Debug|Any CPU = Debug|Any CPU
		Release|Any CPU = Release|Any CPU
	EndGlobalSection
	GlobalSection(ProjectConfigurationPlatforms) = postSolution
		{22B80DF5-DD43-48F2-89E9-71FD82F3B58B}.Debug|Any CPU.ActiveCfg = Debug|Any CPU
		{22B80DF5-DD43-48F2-89E9-71FD82F3B58B}.Debug|Any CPU.Build.0 = Debug|Any CPU
		{22B80DF5-DD43-48F2-89E9-71FD82F3B58B}.Release|Any CPU.ActiveCfg = Release|Any CPU
		{22B80DF5-DD43-48F2-89E9-71FD82F3B58B}.Release|Any CPU.Build.0 = Release|Any CPU
	EndGlobalSection
	GlobalSection(SolutionProperties) = preSolution
		HideSolutionNode = FALSE
	EndGlobalSection
	GlobalSection(ExtensibilityGlobals) = postSolution
		SolutionGuid = {C9728123-8DA4-49FF-8401-91A017344480}
	EndGlobalSection
EndGlobal
